
Microsoft Visual Studio Solution File, Format Version 12.00
# Visual Studio Version 17
VisualStudioVersion = 17.3.32922.545
MinimumVisualStudioVersion = 10.0.40219.1
Project("{FAE04EC0-301F-11D3-BF4B-00C04F79EFBC}") = "App1_Movil.Android", "App1_Movil\App1_Movil.Android\App1_Movil.Android.csproj", "{155F3627-E471-47AC-B6CF-826A066C61B2}"
EndProject
Project("{FAE04EC0-301F-11D3-BF4B-00C04F79EFBC}") = "App1_Movil.iOS", "App1_Movil\App1_Movil.iOS\App1_Movil.iOS.csproj", "{3CA6C2C6-578D-4486-A43C-1CFC3C5C6DEE}"
EndProject
Project("{FAE04EC0-301F-11D3-BF4B-00C04F79EFBC}") = "App1_Movil", "App1_Movil\App1_Movil\App1_Movil.csproj", "{C603F44D-13C6-4F9D-BBC5-CAA4961D868A}"
EndProject
Global
	GlobalSection(SolutionConfigurationPlatforms) = preSolution
		Debug|Any CPU = Debug|Any CPU
		Debug|iPhone = Debug|iPhone
		Debug|iPhoneSimulator = Debug|iPhoneSimulator
		Release|Any CPU = Release|Any CPU
		Release|iPhone = Release|iPhone
		Release|iPhoneSimulator = Release|iPhoneSimulator
	EndGlobalSection
	GlobalSection(ProjectConfigurationPlatforms) = postSolution
		{155F3627-E471-47AC-B6CF-826A066C61B2}.Debug|Any CPU.ActiveCfg = Debug|Any CPU
		{155F3627-E471-47AC-B6CF-826A066C61B2}.Debug|Any CPU.Build.0 = Debug|Any CPU
		{155F3627-E471-47AC-B6CF-826A066C61B2}.Debug|Any CPU.Deploy.0 = Debug|Any CPU
		{155F3627-E471-47AC-B6CF-826A066C61B2}.Debug|iPhone.ActiveCfg = Debug|Any CPU
		{155F3627-E471-47AC-B6CF-826A066C61B2}.Debug|iPhone.Build.0 = Debug|Any CPU
		{155F3627-E471-47AC-B6CF-826A066C61B2}.Debug|iPhone.Deploy.0 = Debug|Any CPU
		{155F3627-E471-47AC-B6CF-826A066C61B2}.Debug|iPhoneSimulator.ActiveCfg = Debug|Any CPU
		{155F3627-E471-47AC-B6CF-826A066C61B2}.Debug|iPhoneSimulator.Build.0 = Debug|Any CPU
		{155F3627-E471-47AC-B6CF-826A066C61B2}.Debug|iPhoneSimulator.Deploy.0 = Debug|Any CPU
		{155F3627-E471-47AC-B6CF-826A066C61B2}.Release|Any CPU.ActiveCfg = Release|Any CPU
		{155F3627-E471-47AC-B6CF-826A066C61B2}.Release|Any CPU.Build.0 = Release|Any CPU
		{155F3627-E471-47AC-B6CF-826A066C61B2}.Release|Any CPU.Deploy.0 = Release|Any CPU
		{155F3627-E471-47AC-B6CF-826A066C61B2}.Release|iPhone.ActiveCfg = Release|Any CPU
		{155F3627-E471-47AC-B6CF-826A066C61B2}.Release|iPhone.Build.0 = Release|Any CPU
		{155F3627-E471-47AC-B6CF-826A066C61B2}.Release|iPhone.Deploy.0 = Release|Any CPU
		{155F3627-E471-47AC-B6CF-826A066C61B2}.Release|iPhoneSimulator.ActiveCfg = Release|Any CPU
		{155F3627-E471-47AC-B6CF-826A066C61B2}.Release|iPhoneSimulator.Build.0 = Release|Any CPU
		{155F3627-E471-47AC-B6CF-826A066C61B2}.Release|iPhoneSimulator.Deploy.0 = Release|Any CPU
		{3CA6C2C6-578D-4486-A43C-1CFC3C5C6DEE}.Debug|Any CPU.ActiveCfg = Debug|iPhone
		{3CA6C2C6-578D-4486-A43C-1CFC3C5C6DEE}.Debug|Any CPU.Build.0 = Debug|iPhone
		{3CA6C2C6-578D-4486-A43C-1CFC3C5C6DEE}.Debug|Any CPU.Deploy.0 = Debug|iPhone
		{3CA6C2C6-578D-4486-A43C-1CFC3C5C6DEE}.Debug|iPhone.ActiveCfg = Debug|iPhone
		{3CA6C2C6-578D-4486-A43C-1CFC3C5C6DEE}.Debug|iPhone.Build.0 = Debug|iPhone
		{3CA6C2C6-578D-4486-A43C-1CFC3C5C6DEE}.Debug|iPhone.Deploy.0 = Debug|iPhone
		{3CA6C2C6-578D-4486-A43C-1CFC3C5C6DEE}.Debug|iPhoneSimulator.ActiveCfg = Debug|iPhoneSimulator
		{3CA6C2C6-578D-4486-A43C-1CFC3C5C6DEE}.Debug|iPhoneSimulator.Build.0 = Debug|iPhoneSimulator
		{3CA6C2C6-578D-4486-A43C-1CFC3C5C6DEE}.Debug|iPhoneSimulator.Deploy.0 = Debug|iPhoneSimulator
		{3CA6C2C6-578D-4486-A43C-1CFC3C5C6DEE}.Release|Any CPU.ActiveCfg = Release|iPhoneSimulator
		{3CA6C2C6-578D-4486-A43C-1CFC3C5C6DEE}.Release|Any CPU.Build.0 = Release|iPhoneSimulator
		{3CA6C2C6-578D-4486-A43C-1CFC3C5C6DEE}.Release|Any CPU.Deploy.0 = Release|iPhoneSimulator
		{3CA6C2C6-578D-4486-A43C-1CFC3C5C6DEE}.Release|iPhone.ActiveCfg = Release|iPhone
		{3CA6C2C6-578D-4486-A43C-1CFC3C5C6DEE}.Release|iPhone.Build.0 = Release|iPhone
		{3CA6C2C6-578D-4486-A43C-1CFC3C5C6DEE}.Release|iPhone.Deploy.0 = Release|iPhone
		{3CA6C2C6-578D-4486-A43C-1CFC3C5C6DEE}.Release|iPhoneSimulator.ActiveCfg = Release|iPhoneSimulator
		{3CA6C2C6-578D-4486-A43C-1CFC3C5C6DEE}.Release|iPhoneSimulator.Build.0 = Release|iPhoneSimulator
		{3CA6C2C6-578D-4486-A43C-1CFC3C5C6DEE}.Release|iPhoneSimulator.Deploy.0 = Release|iPhoneSimulator
		{C603F44D-13C6-4F9D-BBC5-CAA4961D868A}.Debug|Any CPU.ActiveCfg = Debug|Any CPU
		{C603F44D-13C6-4F9D-BBC5-CAA4961D868A}.Debug|Any CPU.Build.0 = Debug|Any CPU
		{C603F44D-13C6-4F9D-BBC5-CAA4961D868A}.Debug|Any CPU.Deploy.0 = Debug|Any CPU
		{C603F44D-13C6-4F9D-BBC5-CAA4961D868A}.Debug|iPhone.ActiveCfg = Debug|Any CPU
		{C603F44D-13C6-4F9D-BBC5-CAA4961D868A}.Debug|iPhone.Build.0 = Debug|Any CPU
		{C603F44D-13C6-4F9D-BBC5-CAA4961D868A}.Debug|iPhone.Deploy.0 = Debug|Any CPU
		{C603F44D-13C6-4F9D-BBC5-CAA4961D868A}.Debug|iPhoneSimulator.ActiveCfg = Debug|Any CPU
		{C603F44D-13C6-4F9D-BBC5-CAA4961D868A}.Debug|iPhoneSimulator.Build.0 = Debug|Any CPU
		{C603F44D-13C6-4F9D-BBC5-CAA4961D868A}.Debug|iPhoneSimulator.Deploy.0 = Debug|Any CPU
		{C603F44D-13C6-4F9D-BBC5-CAA4961D868A}.Release|Any CPU.ActiveCfg = Release|Any CPU
		{C603F44D-13C6-4F9D-BBC5-CAA4961D868A}.Release|Any CPU.Build.0 = Release|Any CPU
		{C603F44D-13C6-4F9D-BBC5-CAA4961D868A}.Release|Any CPU.Deploy.0 = Release|Any CPU
		{C603F44D-13C6-4F9D-BBC5-CAA4961D868A}.Release|iPhone.ActiveCfg = Release|Any CPU
		{C603F44D-13C6-4F9D-BBC5-CAA4961D868A}.Release|iPhone.Build.0 = Release|Any CPU
		{C603F44D-13C6-4F9D-BBC5-CAA4961D868A}.Release|iPhone.Deploy.0 = Release|Any CPU
		{C603F44D-13C6-4F9D-BBC5-CAA4961D868A}.Release|iPhoneSimulator.ActiveCfg = Release|Any CPU
		{C603F44D-13C6-4F9D-BBC5-CAA4961D868A}.Release|iPhoneSimulator.Build.0 = Release|Any CPU
		{C603F44D-13C6-4F9D-BBC5-CAA4961D868A}.Release|iPhoneSimulator.Deploy.0 = Release|Any CPU
	EndGlobalSection
	GlobalSection(SolutionProperties) = preSolution
		HideSolutionNode = FALSE
	EndGlobalSection
	GlobalSection(ExtensibilityGlobals) = postSolution
		SolutionGuid = {B01D16A2-7E38-4B20-9334-E4B2E6AC6B7B}
	EndGlobalSection
EndGlobal
